// !$*UTF8*$!
{
	archiveVersion = 1;
	classes = {
	};
	objectVersion = 46;
	objects = {

/* Begin PBXBuildFile section */
		4AEFD3261A7CDF980067AB7B /* main.m in Sources */ = {isa = PBXBuildFile; fileRef = 4AEFD3251A7CDF980067AB7B /* main.m */; };
		4AEFD3291A7CDF980067AB7B /* AppDelegate.m in Sources */ = {isa = PBXBuildFile; fileRef = 4AEFD3281A7CDF980067AB7B /* AppDelegate.m */; };
		4AEFD32C1A7CDF980067AB7B /* GameScene.m in Sources */ = {isa = PBXBuildFile; fileRef = 4AEFD32B1A7CDF980067AB7B /* GameScene.m */; };
		4AEFD32E1A7CDF980067AB7B /* GameScene.sks in Resources */ = {isa = PBXBuildFile; fileRef = 4AEFD32D1A7CDF980067AB7B /* GameScene.sks */; };
		4AEFD3311A7CDF980067AB7B /* GameViewController.m in Sources */ = {isa = PBXBuildFile; fileRef = 4AEFD3301A7CDF980067AB7B /* GameViewController.m */; };
		4AEFD3341A7CDF980067AB7B /* Main.storyboard in Resources */ = {isa = PBXBuildFile; fileRef = 4AEFD3321A7CDF980067AB7B /* Main.storyboard */; };
		4AEFD3361A7CDF980067AB7B /* Images.xcassets in Resources */ = {isa = PBXBuildFile; fileRef = 4AEFD3351A7CDF980067AB7B /* Images.xcassets */; };
		4AEFD3391A7CDF980067AB7B /* LaunchScreen.xib in Resources */ = {isa = PBXBuildFile; fileRef = 4AEFD3371A7CDF980067AB7B /* LaunchScreen.xib */; };
		4AEFD3451A7CDF980067AB7B /* PuppyteerTests.m in Sources */ = {isa = PBXBuildFile; fileRef = 4AEFD3441A7CDF980067AB7B /* PuppyteerTests.m */; };
/* End PBXBuildFile section */

/* Begin PBXContainerItemProxy section */
		4AEFD33F1A7CDF980067AB7B /* PBXContainerItemProxy */ = {
			isa = PBXContainerItemProxy;
			containerPortal = 4AEFD3181A7CDF980067AB7B /* Project object */;
			proxyType = 1;
			remoteGlobalIDString = 4AEFD31F1A7CDF980067AB7B;
			remoteInfo = Puppyteer;
		};
/* End PBXContainerItemProxy section */

/* Begin PBXFileReference section */
		4AEFD3201A7CDF980067AB7B /* Puppyteer.app */ = {isa = PBXFileReference; explicitFileType = wrapper.application; includeInIndex = 0; path = Puppyteer.app; sourceTree = BUILT_PRODUCTS_DIR; };
		4AEFD3241A7CDF980067AB7B /* Info.plist */ = {isa = PBXFileReference; lastKnownFileType = text.plist.xml; path = Info.plist; sourceTree = "<group>"; };
		4AEFD3251A7CDF980067AB7B /* main.m */ = {isa = PBXFileReference; lastKnownFileType = sourcecode.c.objc; path = main.m; sourceTree = "<group>"; };
		4AEFD3271A7CDF980067AB7B /* AppDelegate.h */ = {isa = PBXFileReference; lastKnownFileType = sourcecode.c.h; path = AppDelegate.h; sourceTree = "<group>"; };
		4AEFD3281A7CDF980067AB7B /* AppDelegate.m */ = {isa = PBXFileReference; lastKnownFileType = sourcecode.c.objc; path = AppDelegate.m; sourceTree = "<group>"; };
		4AEFD32A1A7CDF980067AB7B /* GameScene.h */ = {isa = PBXFileReference; lastKnownFileType = sourcecode.c.h; path = GameScene.h; sourceTree = "<group>"; };
		4AEFD32B1A7CDF980067AB7B /* GameScene.m */ = {isa = PBXFileReference; lastKnownFileType = sourcecode.c.objc; path = GameScene.m; sourceTree = "<group>"; };
		4AEFD32D1A7CDF980067AB7B /* GameScene.sks */ = {isa = PBXFileReference; lastKnownFileType = file.sks; path = GameScene.sks; sourceTree = "<group>"; };
		4AEFD32F1A7CDF980067AB7B /* GameViewController.h */ = {isa = PBXFileReference; lastKnownFileType = sourcecode.c.h; path = GameViewController.h; sourceTree = "<group>"; };
		4AEFD3301A7CDF980067AB7B /* GameViewController.m */ = {isa = PBXFileReference; lastKnownFileType = sourcecode.c.objc; path = GameViewController.m; sourceTree = "<group>"; };
		4AEFD3331A7CDF980067AB7B /* Base */ = {isa = PBXFileReference; lastKnownFileType = file.storyboard; name = Base; path = Base.lproj/Main.storyboard; sourceTree = "<group>"; };
		4AEFD3351A7CDF980067AB7B /* Images.xcassets */ = {isa = PBXFileReference; lastKnownFileType = folder.assetcatalog; path = Images.xcassets; sourceTree = "<group>"; };
		4AEFD3381A7CDF980067AB7B /* Base */ = {isa = PBXFileReference; lastKnownFileType = file.xib; name = Base; path = Base.lproj/LaunchScreen.xib; sourceTree = "<group>"; };
		4AEFD33E1A7CDF980067AB7B /* PuppyteerTests.xctest */ = {isa = PBXFileReference; explicitFileType = wrapper.cfbundle; includeInIndex = 0; path = PuppyteerTests.xctest; sourceTree = BUILT_PRODUCTS_DIR; };
		4AEFD3431A7CDF980067AB7B /* Info.plist */ = {isa = PBXFileReference; lastKnownFileType = text.plist.xml; path = Info.plist; sourceTree = "<group>"; };
		4AEFD3441A7CDF980067AB7B /* PuppyteerTests.m */ = {isa = PBXFileReference; lastKnownFileType = sourcecode.c.objc; path = PuppyteerTests.m; sourceTree = "<group>"; };
/* End PBXFileReference section */

/* Begin PBXFrameworksBuildPhase section */
		4AEFD31D1A7CDF980067AB7B /* Frameworks */ = {
			isa = PBXFrameworksBuildPhase;
			buildActionMask = 2147483647;
			files = (
			);
			runOnlyForDeploymentPostprocessing = 0;
		};
		4AEFD33B1A7CDF980067AB7B /* Frameworks */ = {
			isa = PBXFrameworksBuildPhase;
			buildActionMask = 2147483647;
			files = (
			);
			runOnlyForDeploymentPostprocessing = 0;
		};
/* End PBXFrameworksBuildPhase section */

/* Begin PBXGroup section */
		4AEFD3171A7CDF980067AB7B = {
			isa = PBXGroup;
			children = (
				4AEFD3221A7CDF980067AB7B /* Puppyteer */,
				4AEFD3411A7CDF980067AB7B /* PuppyteerTests */,
				4AEFD3211A7CDF980067AB7B /* Products */,
			);
			sourceTree = "<group>";
		};
		4AEFD3211A7CDF980067AB7B /* Products */ = {
			isa = PBXGroup;
			children = (
				4AEFD3201A7CDF980067AB7B /* Puppyteer.app */,
				4AEFD33E1A7CDF980067AB7B /* PuppyteerTests.xctest */,
			);
			name = Products;
			sourceTree = "<group>";
		};
		4AEFD3221A7CDF980067AB7B /* Puppyteer */ = {
			isa = PBXGroup;
			children = (
				4AEFD3271A7CDF980067AB7B /* AppDelegate.h */,
				4AEFD3281A7CDF980067AB7B /* AppDelegate.m */,
				4AEFD32A1A7CDF980067AB7B /* GameScene.h */,
				4AEFD32B1A7CDF980067AB7B /* GameScene.m */,
				4AEFD32D1A7CDF980067AB7B /* GameScene.sks */,
				4AEFD32F1A7CDF980067AB7B /* GameViewController.h */,
				4AEFD3301A7CDF980067AB7B /* GameViewController.m */,
				4AEFD3321A7CDF980067AB7B /* Main.storyboard */,
				4AEFD3351A7CDF980067AB7B /* Images.xcassets */,
				4AEFD3371A7CDF980067AB7B /* LaunchScreen.xib */,
				4AEFD3231A7CDF980067AB7B /* Supporting Files */,
			);
			path = Puppyteer;
			sourceTree = "<group>";
		};
		4AEFD3231A7CDF980067AB7B /* Supporting Files */ = {
			isa = PBXGroup;
			children = (
				4AEFD3241A7CDF980067AB7B /* Info.plist */,
				4AEFD3251A7CDF980067AB7B /* main.m */,
			);
			name = "Supporting Files";
			sourceTree = "<group>";
		};
		4AEFD3411A7CDF980067AB7B /* PuppyteerTests */ = {
			isa = PBXGroup;
			children = (
				4AEFD3441A7CDF980067AB7B /* PuppyteerTests.m */,
				4AEFD3421A7CDF980067AB7B /* Supporting Files */,
			);
			path = PuppyteerTests;
			sourceTree = "<group>";
		};
		4AEFD3421A7CDF980067AB7B /* Supporting Files */ = {
			isa = PBXGroup;
			children = (
				4AEFD3431A7CDF980067AB7B /* Info.plist */,
			);
			name = "Supporting Files";
			sourceTree = "<group>";
		};
/* End PBXGroup section */

/* Begin PBXNativeTarget section */
		4AEFD31F1A7CDF980067AB7B /* Puppyteer */ = {
			isa = PBXNativeTarget;
			buildConfigurationList = 4AEFD3481A7CDF980067AB7B /* Build configuration list for PBXNativeTarget "Puppyteer" */;
			buildPhases = (
				4AEFD31C1A7CDF980067AB7B /* Sources */,
				4AEFD31D1A7CDF980067AB7B /* Frameworks */,
				4AEFD31E1A7CDF980067AB7B /* Resources */,
			);
			buildRules = (
			);
			dependencies = (
			);
			name = Puppyteer;
			productName = Puppyteer;
			productReference = 4AEFD3201A7CDF980067AB7B /* Puppyteer.app */;
			productType = "com.apple.product-type.application";
		};
		4AEFD33D1A7CDF980067AB7B /* PuppyteerTests */ = {
			isa = PBXNativeTarget;
			buildConfigurationList = 4AEFD34B1A7CDF980067AB7B /* Build configuration list for PBXNativeTarget "PuppyteerTests" */;
			buildPhases = (
				4AEFD33A1A7CDF980067AB7B /* Sources */,
				4AEFD33B1A7CDF980067AB7B /* Frameworks */,
				4AEFD33C1A7CDF980067AB7B /* Resources */,
			);
			buildRules = (
			);
			dependencies = (
				4AEFD3401A7CDF980067AB7B /* PBXTargetDependency */,
			);
			name = PuppyteerTests;
			productName = PuppyteerTests;
			productReference = 4AEFD33E1A7CDF980067AB7B /* PuppyteerTests.xctest */;
			productType = "com.apple.product-type.bundle.unit-test";
		};
/* End PBXNativeTarget section */

/* Begin PBXProject section */
		4AEFD3181A7CDF980067AB7B /* Project object */ = {
			isa = PBXProject;
			attributes = {
				LastUpgradeCheck = 0610;
				ORGANIZATIONNAME = Kallio;
				TargetAttributes = {
					4AEFD31F1A7CDF980067AB7B = {
						CreatedOnToolsVersion = 6.1.1;
					};
					4AEFD33D1A7CDF980067AB7B = {
						CreatedOnToolsVersion = 6.1.1;
						TestTargetID = 4AEFD31F1A7CDF980067AB7B;
					};
				};
			};
			buildConfigurationList = 4AEFD31B1A7CDF980067AB7B /* Build configuration list for PBXProject "Puppyteer" */;
			compatibilityVersion = "Xcode 3.2";
			developmentRegion = English;
			hasScannedForEncodings = 0;
			knownRegions = (
				en,
				Base,
			);
			mainGroup = 4AEFD3171A7CDF980067AB7B;
			productRefGroup = 4AEFD3211A7CDF980067AB7B /* Products */;
			projectDirPath = "";
			projectRoot = "";
			targets = (
				4AEFD31F1A7CDF980067AB7B /* Puppyteer */,
				4AEFD33D1A7CDF980067AB7B /* PuppyteerTests */,
			);
		};
/* End PBXProject section */

/* Begin PBXResourcesBuildPhase section */
		4AEFD31E1A7CDF980067AB7B /* Resources */ = {
			isa = PBXResourcesBuildPhase;
			buildActionMask = 2147483647;
			files = (
				4AEFD3391A7CDF980067AB7B /* LaunchScreen.xib in Resources */,
				4AEFD3361A7CDF980067AB7B /* Images.xcassets in Resources */,
				4AEFD32E1A7CDF980067AB7B /* GameScene.sks in Resources */,
				4AEFD3341A7CDF980067AB7B /* Main.storyboard in Resources */,
			);
			runOnlyForDeploymentPostprocessing = 0;
		};
		4AEFD33C1A7CDF980067AB7B /* Resources */ = {
			isa = PBXResourcesBuildPhase;
			buildActionMask = 2147483647;
			files = (
			);
			runOnlyForDeploymentPostprocessing = 0;
		};
/* End PBXResourcesBuildPhase section */

/* Begin PBXSourcesBuildPhase section */
		4AEFD31C1A7CDF980067AB7B /* Sources */ = {
			isa = PBXSourcesBuildPhase;
			buildActionMask = 2147483647;
			files = (
				4AEFD3311A7CDF980067AB7B /* GameViewController.m in Sources */,
				4AEFD3291A7CDF980067AB7B /* AppDelegate.m in Sources */,
				4AEFD32C1A7CDF980067AB7B /* GameScene.m in Sources */,
				4AEFD3261A7CDF980067AB7B /* main.m in Sources */,
			);
			runOnlyForDeploymentPostprocessing = 0;
		};
		4AEFD33A1A7CDF980067AB7B /* Sources */ = {
			isa = PBXSourcesBuildPhase;
			buildActionMask = 2147483647;
			files = (
				4AEFD3451A7CDF980067AB7B /* PuppyteerTests.m in Sources */,
			);
			runOnlyForDeploymentPostprocessing = 0;
		};
/* End PBXSourcesBuildPhase section */

/* Begin PBXTargetDependency section */
		4AEFD3401A7CDF980067AB7B /* PBXTargetDependency */ = {
			isa = PBXTargetDependency;
			target = 4AEFD31F1A7CDF980067AB7B /* Puppyteer */;
			targetProxy = 4AEFD33F1A7CDF980067AB7B /* PBXContainerItemProxy */;
		};
/* End PBXTargetDependency section */

/* Begin PBXVariantGroup section */
		4AEFD3321A7CDF980067AB7B /* Main.storyboard */ = {
			isa = PBXVariantGroup;
			children = (
				4AEFD3331A7CDF980067AB7B /* Base */,
			);
			name = Main.storyboard;
			sourceTree = "<group>";
		};
		4AEFD3371A7CDF980067AB7B /* LaunchScreen.xib */ = {
			isa = PBXVariantGroup;
			children = (
				4AEFD3381A7CDF980067AB7B /* Base */,
			);
			name = LaunchScreen.xib;
			sourceTree = "<group>";
		};
/* End PBXVariantGroup section */

/* Begin XCBuildConfiguration section */
		4AEFD3461A7CDF980067AB7B /* Debug */ = {
			isa = XCBuildConfiguration;
			buildSettings = {
				ALWAYS_SEARCH_USER_PATHS = NO;
				CLANG_CXX_LANGUAGE_STANDARD = "gnu++0x";
				CLANG_CXX_LIBRARY = "libc++";
				CLANG_ENABLE_MODULES = YES;
				CLANG_ENABLE_OBJC_ARC = YES;
				CLANG_WARN_BOOL_CONVERSION = YES;
				CLANG_WARN_CONSTANT_CONVERSION = YES;
				CLANG_WARN_DIRECT_OBJC_ISA_USAGE = YES_ERROR;
				CLANG_WARN_EMPTY_BODY = YES;
				CLANG_WARN_ENUM_CONVERSION = YES;
				CLANG_WARN_INT_CONVERSION = YES;
				CLANG_WARN_OBJC_ROOT_CLASS = YES_ERROR;
				CLANG_WARN_UNREACHABLE_CODE = YES;
				CLANG_WARN__DUPLICATE_METHOD_MATCH = YES;
				"CODE_SIGN_IDENTITY[sdk=iphoneos*]" = "iPhone Developer";
				COPY_PHASE_STRIP = NO;
				ENABLE_STRICT_OBJC_MSGSEND = YES;
				GCC_C_LANGUAGE_STANDARD = gnu99;
				GCC_DYNAMIC_NO_PIC = NO;
				GCC_OPTIMIZATION_LEVEL = 0;
				GCC_PREPROCESSOR_DEFINITIONS = (
					"DEBUG=1",
					"$(inherited)",
				);
				GCC_SYMBOLS_PRIVATE_EXTERN = NO;
				GCC_WARN_64_TO_32_BIT_CONVERSION = YES;
				GCC_WARN_ABOUT_RETURN_TYPE = YES_ERROR;
				GCC_WARN_UNDECLARED_SELECTOR = YES;
				GCC_WARN_UNINITIALIZED_AUTOS = YES_AGGRESSIVE;
				GCC_WARN_UNUSED_FUNCTION = YES;
				GCC_WARN_UNUSED_VARIABLE = YES;
				IPHONEOS_DEPLOYMENT_TARGET = 8.1;
				MTL_ENABLE_DEBUG_INFO = YES;
				ONLY_ACTIVE_ARCH = YES;
				SDKROOT = iphoneos;
				TARGETED_DEVICE_FAMILY = "1,2";
			};
			name = Debug;
		};
		4AEFD3471A7CDF980067AB7B /* Release */ = {
			isa = XCBuildConfiguration;
			buildSettings = {
				ALWAYS_SEARCH_USER_PATHS = NO;
				CLANG_CXX_LANGUAGE_STANDARD = "gnu++0x";
				CLANG_CXX_LIBRARY = "libc++";
				CLANG_ENABLE_MODULES = YES;
				CLANG_ENABLE_OBJC_ARC = YES;
				CLANG_WARN_BOOL_CONVERSION = YES;
				CLANG_WARN_CONSTANT_CONVERSION = YES;
				CLANG_WARN_DIRECT_OBJC_ISA_USAGE = YES_ERROR;
				CLANG_WARN_EMPTY_BODY = YES;
				CLANG_WARN_ENUM_CONVERSION = YES;
				CLANG_WARN_INT_CONVERSION = YES;
				CLANG_WARN_OBJC_ROOT_CLASS = YES_ERROR;
				CLANG_WARN_UNREACHABLE_CODE = YES;
				CLANG_WARN__DUPLICATE_METHOD_MATCH = YES;
				"CODE_SIGN_IDENTITY[sdk=iphoneos*]" = "iPhone Developer";
				COPY_PHASE_STRIP = YES;
				ENABLE_NS_ASSERTIONS = NO;
				ENABLE_STRICT_OBJC_MSGSEND = YES;
				GCC_C_LANGUAGE_STANDARD = gnu99;
				GCC_WARN_64_TO_32_BIT_CONVERSION = YES;
				GCC_WARN_ABOUT_RETURN_TYPE = YES_ERROR;
				GCC_WARN_UNDECLARED_SELECTOR = YES;
				GCC_WARN_UNINITIALIZED_AUTOS = YES_AGGRESSIVE;
				GCC_WARN_UNUSED_FUNCTION = YES;
				GCC_WARN_UNUSED_VARIABLE = YES;
				IPHONEOS_DEPLOYMENT_TARGET = 8.1;
				MTL_ENABLE_DEBUG_INFO = NO;
				SDKROOT = iphoneos;
				TARGETED_DEVICE_FAMILY = "1,2";
				VALIDATE_PRODUCT = YES;
			};
			name = Release;
		};
		4AEFD3491A7CDF980067AB7B /* Debug */ = {
			isa = XCBuildConfiguration;
			buildSettings = {
				ASSETCATALOG_COMPILER_APPICON_NAME = AppIcon;
				INFOPLIST_FILE = Puppyteer/Info.plist;
				LD_RUNPATH_SEARCH_PATHS = "$(inherited) @executable_path/Frameworks";
				PRODUCT_NAME = "$(TARGET_NAME)";
			};
			name = Debug;
		};
		4AEFD34A1A7CDF980067AB7B /* Release */ = {
			isa = XCBuildConfiguration;
			buildSettings = {
				ASSETCATALOG_COMPILER_APPICON_NAME = AppIcon;
				INFOPLIST_FILE = Puppyteer/Info.plist;
				LD_RUNPATH_SEARCH_PATHS = "$(inherited) @executable_path/Frameworks";
				PRODUCT_NAME = "$(TARGET_NAME)";
			};
			name = Release;
		};
		4AEFD34C1A7CDF980067AB7B /* Debug */ = {
			isa = XCBuildConfiguration;
			buildSettings = {
				BUNDLE_LOADER = "$(TEST_HOST)";
				FRAMEWORK_SEARCH_PATHS = (
					"$(SDKROOT)/Developer/Library/Frameworks",
					"$(inherited)",
				);
				GCC_PREPROCESSOR_DEFINITIONS = (
					"DEBUG=1",
					"$(inherited)",
				);
				INFOPLIST_FILE = PuppyteerTests/Info.plist;
				LD_RUNPATH_SEARCH_PATHS = "$(inherited) @executable_path/Frameworks @loader_path/Frameworks";
				PRODUCT_NAME = "$(TARGET_NAME)";
				TEST_HOST = "$(BUILT_PRODUCTS_DIR)/Puppyteer.app/Puppyteer";
			};
			name = Debug;
		};
		4AEFD34D1A7CDF980067AB7B /* Release */ = {
			isa = XCBuildConfiguration;
			buildSettings = {
				BUNDLE_LOADER = "$(TEST_HOST)";
				FRAMEWORK_SEARCH_PATHS = (
					"$(SDKROOT)/Developer/Library/Frameworks",
					"$(inherited)",
				);
				INFOPLIST_FILE = PuppyteerTests/Info.plist;
				LD_RUNPATH_SEARCH_PATHS = "$(inherited) @executable_path/Frameworks @loader_path/Frameworks";
				PRODUCT_NAME = "$(TARGET_NAME)";
				TEST_HOST = "$(BUILT_PRODUCTS_DIR)/Puppyteer.app/Puppyteer";
			};
			name = Release;
		};
/* End XCBuildConfiguration section */

/* Begin XCConfigurationList section */
		4AEFD31B1A7CDF980067AB7B /* Build configuration list for PBXProject "Puppyteer" */ = {
			isa = XCConfigurationList;
			buildConfigurations = (
				4AEFD3461A7CDF980067AB7B /* Debug */,
				4AEFD3471A7CDF980067AB7B /* Release */,
			);
			defaultConfigurationIsVisible = 0;
			defaultConfigurationName = Release;
		};
		4AEFD3481A7CDF980067AB7B /* Build configuration list for PBXNativeTarget "Puppyteer" */ = {
			isa = XCConfigurationList;
			buildConfigurations = (
				4AEFD3491A7CDF980067AB7B /* Debug */,
				4AEFD34A1A7CDF980067AB7B /* Release */,
			);
			defaultConfigurationIsVisible = 0;
		};
		4AEFD34B1A7CDF980067AB7B /* Build configuration list for PBXNativeTarget "PuppyteerTests" */ = {
			isa = XCConfigurationList;
			buildConfigurations = (
				4AEFD34C1A7CDF980067AB7B /* Debug */,
				4AEFD34D1A7CDF980067AB7B /* Release */,
			);
			defaultConfigurationIsVisible = 0;
		};
/* End XCConfigurationList section */
	};
	rootObject = 4AEFD3181A7CDF980067AB7B /* Project object */;
}
